
Microsoft Visual Studio Solution File, Format Version 12.00
# Visual Studio Version 16
VisualStudioVersion = 16.0.30011.22
MinimumVisualStudioVersion = 10.0.40219.1
Project("{FAE04EC0-301F-11D3-BF4B-00C04F79EFBC}") = "SortModSettings", "SortModSettings\SortModSettings.csproj", "{6F0021DB-163C-4855-9DDB-876645E95FE4}"
EndProject
Global
	GlobalSection(SolutionConfigurationPlatforms) = preSolution
		Debug|Any CPU = Debug|Any CPU
		Release|Any CPU = Release|Any CPU
	EndGlobalSection
	GlobalSection(ProjectConfigurationPlatforms) = postSolution
		{6F0021DB-163C-4855-9DDB-876645E95FE4}.Debug|Any CPU.ActiveCfg = Debug|Any CPU
		{6F0021DB-163C-4855-9DDB-876645E95FE4}.Debug|Any CPU.Build.0 = Debug|Any CPU
		{6F0021DB-163C-4855-9DDB-876645E95FE4}.Release|Any CPU.ActiveCfg = Release|Any CPU
		{6F0021DB-163C-4855-9DDB-876645E95FE4}.Release|Any CPU.Build.0 = Release|Any CPU
	EndGlobalSection
	GlobalSection(SolutionProperties) = preSolution
		HideSolutionNode = FALSE
	EndGlobalSection
	GlobalSection(ExtensibilityGlobals) = postSolution
		SolutionGuid = {1A1A961E-5FDF-46CB-8B20-662C5F29B64D}
	EndGlobalSection
EndGlobal
